
Microsoft Visual Studio Solution File, Format Version 12.00
# Visual Studio Version 16
VisualStudioVersion = 16.0.30330.147
MinimumVisualStudioVersion = 10.0.40219.1
Project("{FAE04EC0-301F-11D3-BF4B-00C04F79EFBC}") = "Onliine_Agro_Products_System", "Onliine_Agro_Products_System.csproj", "{46A75FEC-0823-4BEF-B28D-D09E829B76BE}"
EndProject
Project("{FAE04EC0-301F-11D3-BF4B-00C04F79EFBC}") = "ProjectDataLayer", "..\ProjectDataLayer\ProjectDataLayer.csproj", "{576FB22E-B0A4-47A5-8573-D04CF8DE2002}"
EndProject
Project("{FAE04EC0-301F-11D3-BF4B-00C04F79EFBC}") = "ProjectBusinessLayer", "..\BusinessLayer\ProjectBusinessLayer.csproj", "{4C9F21D1-0945-4BA0-8F10-DC001E95C188}"
EndProject
Global
	GlobalSection(SolutionConfigurationPlatforms) = preSolution
		Debug|Any CPU = Debug|Any CPU
		Release|Any CPU = Release|Any CPU
	EndGlobalSection
	GlobalSection(ProjectConfigurationPlatforms) = postSolution
		{46A75FEC-0823-4BEF-B28D-D09E829B76BE}.Debug|Any CPU.ActiveCfg = Debug|Any CPU
		{46A75FEC-0823-4BEF-B28D-D09E829B76BE}.Debug|Any CPU.Build.0 = Debug|Any CPU
		{46A75FEC-0823-4BEF-B28D-D09E829B76BE}.Release|Any CPU.ActiveCfg = Release|Any CPU
		{46A75FEC-0823-4BEF-B28D-D09E829B76BE}.Release|Any CPU.Build.0 = Release|Any CPU
		{576FB22E-B0A4-47A5-8573-D04CF8DE2002}.Debug|Any CPU.ActiveCfg = Debug|Any CPU
		{576FB22E-B0A4-47A5-8573-D04CF8DE2002}.Debug|Any CPU.Build.0 = Debug|Any CPU
		{576FB22E-B0A4-47A5-8573-D04CF8DE2002}.Release|Any CPU.ActiveCfg = Release|Any CPU
		{576FB22E-B0A4-47A5-8573-D04CF8DE2002}.Release|Any CPU.Build.0 = Release|Any CPU
		{4C9F21D1-0945-4BA0-8F10-DC001E95C188}.Debug|Any CPU.ActiveCfg = Debug|Any CPU
		{4C9F21D1-0945-4BA0-8F10-DC001E95C188}.Debug|Any CPU.Build.0 = Debug|Any CPU
		{4C9F21D1-0945-4BA0-8F10-DC001E95C188}.Release|Any CPU.ActiveCfg = Release|Any CPU
		{4C9F21D1-0945-4BA0-8F10-DC001E95C188}.Release|Any CPU.Build.0 = Release|Any CPU
	EndGlobalSection
	GlobalSection(SolutionProperties) = preSolution
		HideSolutionNode = FALSE
	EndGlobalSection
	GlobalSection(ExtensibilityGlobals) = postSolution
		SolutionGuid = {22375378-41BC-425A-BB9C-68D009ABA541}
	EndGlobalSection
EndGlobal
